// !$*UTF8*$!
{
	archiveVersion = 1;
	classes = {
	};
	objectVersion = 46;
	objects = {

/* Begin PBXBuildFile section */
		667AEDEA1A8C495E000F4A0A /* AppDelegate.swift in Sources */ = {isa = PBXBuildFile; fileRef = 667AEDE91A8C495E000F4A0A /* AppDelegate.swift */; };
		667AEDEC1A8C495E000F4A0A /* ViewController.swift in Sources */ = {isa = PBXBuildFile; fileRef = 667AEDEB1A8C495E000F4A0A /* ViewController.swift */; };
		667AEDEF1A8C495E000F4A0A /* Main.storyboard in Resources */ = {isa = PBXBuildFile; fileRef = 667AEDED1A8C495E000F4A0A /* Main.storyboard */; };
		667AEDF11A8C495E000F4A0A /* Images.xcassets in Resources */ = {isa = PBXBuildFile; fileRef = 667AEDF01A8C495E000F4A0A /* Images.xcassets */; };
		667AEDF41A8C495E000F4A0A /* LaunchScreen.xib in Resources */ = {isa = PBXBuildFile; fileRef = 667AEDF21A8C495E000F4A0A /* LaunchScreen.xib */; };
		667AEE001A8C495E000F4A0A /* HangmanTests.swift in Sources */ = {isa = PBXBuildFile; fileRef = 667AEDFF1A8C495E000F4A0A /* HangmanTests.swift */; };
		667AEE0A1A8C4A30000F4A0A /* HangmanGame.swift in Sources */ = {isa = PBXBuildFile; fileRef = 667AEE091A8C4A30000F4A0A /* HangmanGame.swift */; };
		667AEE0C1A9271FF000F4A0A /* MyColors.swift in Sources */ = {isa = PBXBuildFile; fileRef = 667AEE0B1A9271FF000F4A0A /* MyColors.swift */; };
		66FE96B41A92871600C76E43 /* NewGameViewController.swift in Sources */ = {isa = PBXBuildFile; fileRef = 66FE96B31A92871600C76E43 /* NewGameViewController.swift */; };
		66FE96B71A929B1000C76E43 /* GuessViewController.swift in Sources */ = {isa = PBXBuildFile; fileRef = 66FE96B61A929B1000C76E43 /* GuessViewController.swift */; };
		66FE96B91A92A40300C76E43 /* HangmanDelegate.swift in Sources */ = {isa = PBXBuildFile; fileRef = 66FE96B81A92A40300C76E43 /* HangmanDelegate.swift */; };
/* End PBXBuildFile section */

/* Begin PBXContainerItemProxy section */
		667AEDFA1A8C495E000F4A0A /* PBXContainerItemProxy */ = {
			isa = PBXContainerItemProxy;
			containerPortal = 667AEDDC1A8C495D000F4A0A /* Project object */;
			proxyType = 1;
			remoteGlobalIDString = 667AEDE31A8C495E000F4A0A;
			remoteInfo = Hangman;
		};
/* End PBXContainerItemProxy section */

/* Begin PBXFileReference section */
		667AEDE41A8C495E000F4A0A /* Hangman.app */ = {isa = PBXFileReference; explicitFileType = wrapper.application; includeInIndex = 0; path = Hangman.app; sourceTree = BUILT_PRODUCTS_DIR; };
		667AEDE81A8C495E000F4A0A /* Info.plist */ = {isa = PBXFileReference; lastKnownFileType = text.plist.xml; path = Info.plist; sourceTree = "<group>"; };
		667AEDE91A8C495E000F4A0A /* AppDelegate.swift */ = {isa = PBXFileReference; lastKnownFileType = sourcecode.swift; path = AppDelegate.swift; sourceTree = "<group>"; };
		667AEDEB1A8C495E000F4A0A /* ViewController.swift */ = {isa = PBXFileReference; lastKnownFileType = sourcecode.swift; path = ViewController.swift; sourceTree = "<group>"; };
		667AEDEE1A8C495E000F4A0A /* Base */ = {isa = PBXFileReference; lastKnownFileType = file.storyboard; name = Base; path = Base.lproj/Main.storyboard; sourceTree = "<group>"; };
		667AEDF01A8C495E000F4A0A /* Images.xcassets */ = {isa = PBXFileReference; lastKnownFileType = folder.assetcatalog; path = Images.xcassets; sourceTree = "<group>"; };
		667AEDF31A8C495E000F4A0A /* Base */ = {isa = PBXFileReference; lastKnownFileType = file.xib; name = Base; path = Base.lproj/LaunchScreen.xib; sourceTree = "<group>"; };
		667AEDF91A8C495E000F4A0A /* HangmanTests.xctest */ = {isa = PBXFileReference; explicitFileType = wrapper.cfbundle; includeInIndex = 0; path = HangmanTests.xctest; sourceTree = BUILT_PRODUCTS_DIR; };
		667AEDFE1A8C495E000F4A0A /* Info.plist */ = {isa = PBXFileReference; lastKnownFileType = text.plist.xml; path = Info.plist; sourceTree = "<group>"; };
		667AEDFF1A8C495E000F4A0A /* HangmanTests.swift */ = {isa = PBXFileReference; lastKnownFileType = sourcecode.swift; path = HangmanTests.swift; sourceTree = "<group>"; };
		667AEE091A8C4A30000F4A0A /* HangmanGame.swift */ = {isa = PBXFileReference; fileEncoding = 4; lastKnownFileType = sourcecode.swift; path = HangmanGame.swift; sourceTree = "<group>"; };
		667AEE0B1A9271FF000F4A0A /* MyColors.swift */ = {isa = PBXFileReference; fileEncoding = 4; lastKnownFileType = sourcecode.swift; path = MyColors.swift; sourceTree = "<group>"; };
		66FE96B31A92871600C76E43 /* NewGameViewController.swift */ = {isa = PBXFileReference; fileEncoding = 4; lastKnownFileType = sourcecode.swift; path = NewGameViewController.swift; sourceTree = "<group>"; };
		66FE96B61A929B1000C76E43 /* GuessViewController.swift */ = {isa = PBXFileReference; fileEncoding = 4; lastKnownFileType = sourcecode.swift; path = GuessViewController.swift; sourceTree = "<group>"; };
		66FE96B81A92A40300C76E43 /* HangmanDelegate.swift */ = {isa = PBXFileReference; fileEncoding = 4; lastKnownFileType = sourcecode.swift; path = HangmanDelegate.swift; sourceTree = "<group>"; };
/* End PBXFileReference section */

/* Begin PBXFrameworksBuildPhase section */
		667AEDE11A8C495E000F4A0A /* Frameworks */ = {
			isa = PBXFrameworksBuildPhase;
			buildActionMask = 2147483647;
			files = (
			);
			runOnlyForDeploymentPostprocessing = 0;
		};
		667AEDF61A8C495E000F4A0A /* Frameworks */ = {
			isa = PBXFrameworksBuildPhase;
			buildActionMask = 2147483647;
			files = (
			);
			runOnlyForDeploymentPostprocessing = 0;
		};
/* End PBXFrameworksBuildPhase section */

/* Begin PBXGroup section */
		667AEDDB1A8C495D000F4A0A = {
			isa = PBXGroup;
			children = (
				667AEDE61A8C495E000F4A0A /* Hangman */,
				667AEDFC1A8C495E000F4A0A /* HangmanTests */,
				667AEDE51A8C495E000F4A0A /* Products */,
			);
			sourceTree = "<group>";
		};
		667AEDE51A8C495E000F4A0A /* Products */ = {
			isa = PBXGroup;
			children = (
				667AEDE41A8C495E000F4A0A /* Hangman.app */,
				667AEDF91A8C495E000F4A0A /* HangmanTests.xctest */,
			);
			name = Products;
			sourceTree = "<group>";
		};
		667AEDE61A8C495E000F4A0A /* Hangman */ = {
			isa = PBXGroup;
			children = (
				667AEDE91A8C495E000F4A0A /* AppDelegate.swift */,
				667AEDEB1A8C495E000F4A0A /* ViewController.swift */,
				667AEDED1A8C495E000F4A0A /* Main.storyboard */,
				667AEDF01A8C495E000F4A0A /* Images.xcassets */,
				667AEDF21A8C495E000F4A0A /* LaunchScreen.xib */,
				667AEDE71A8C495E000F4A0A /* Supporting Files */,
				667AEE091A8C4A30000F4A0A /* HangmanGame.swift */,
				667AEE0B1A9271FF000F4A0A /* MyColors.swift */,
				66FE96B31A92871600C76E43 /* NewGameViewController.swift */,
				66FE96B61A929B1000C76E43 /* GuessViewController.swift */,
				66FE96B81A92A40300C76E43 /* HangmanDelegate.swift */,
			);
			path = Hangman;
			sourceTree = "<group>";
		};
		667AEDE71A8C495E000F4A0A /* Supporting Files */ = {
			isa = PBXGroup;
			children = (
				667AEDE81A8C495E000F4A0A /* Info.plist */,
			);
			name = "Supporting Files";
			sourceTree = "<group>";
		};
		667AEDFC1A8C495E000F4A0A /* HangmanTests */ = {
			isa = PBXGroup;
			children = (
				667AEDFF1A8C495E000F4A0A /* HangmanTests.swift */,
				667AEDFD1A8C495E000F4A0A /* Supporting Files */,
			);
			path = HangmanTests;
			sourceTree = "<group>";
		};
		667AEDFD1A8C495E000F4A0A /* Supporting Files */ = {
			isa = PBXGroup;
			children = (
				667AEDFE1A8C495E000F4A0A /* Info.plist */,
			);
			name = "Supporting Files";
			sourceTree = "<group>";
		};
/* End PBXGroup section */

/* Begin PBXNativeTarget section */
		667AEDE31A8C495E000F4A0A /* Hangman */ = {
			isa = PBXNativeTarget;
			buildConfigurationList = 667AEE031A8C495E000F4A0A /* Build configuration list for PBXNativeTarget "Hangman" */;
			buildPhases = (
				667AEDE01A8C495E000F4A0A /* Sources */,
				667AEDE11A8C495E000F4A0A /* Frameworks */,
				667AEDE21A8C495E000F4A0A /* Resources */,
			);
			buildRules = (
			);
			dependencies = (
			);
			name = Hangman;
			productName = Hangman;
			productReference = 667AEDE41A8C495E000F4A0A /* Hangman.app */;
			productType = "com.apple.product-type.application";
		};
		667AEDF81A8C495E000F4A0A /* HangmanTests */ = {
			isa = PBXNativeTarget;
			buildConfigurationList = 667AEE061A8C495E000F4A0A /* Build configuration list for PBXNativeTarget "HangmanTests" */;
			buildPhases = (
				667AEDF51A8C495E000F4A0A /* Sources */,
				667AEDF61A8C495E000F4A0A /* Frameworks */,
				667AEDF71A8C495E000F4A0A /* Resources */,
			);
			buildRules = (
			);
			dependencies = (
				667AEDFB1A8C495E000F4A0A /* PBXTargetDependency */,
			);
			name = HangmanTests;
			productName = HangmanTests;
			productReference = 667AEDF91A8C495E000F4A0A /* HangmanTests.xctest */;
			productType = "com.apple.product-type.bundle.unit-test";
		};
/* End PBXNativeTarget section */

/* Begin PBXProject section */
		667AEDDC1A8C495D000F4A0A /* Project object */ = {
			isa = PBXProject;
			attributes = {
				LastUpgradeCheck = 0610;
				ORGANIZATIONNAME = "Adam Ostrich";
				TargetAttributes = {
					667AEDE31A8C495E000F4A0A = {
						CreatedOnToolsVersion = 6.1.1;
					};
					667AEDF81A8C495E000F4A0A = {
						CreatedOnToolsVersion = 6.1.1;
						TestTargetID = 667AEDE31A8C495E000F4A0A;
					};
				};
			};
			buildConfigurationList = 667AEDDF1A8C495D000F4A0A /* Build configuration list for PBXProject "Hangman" */;
			compatibilityVersion = "Xcode 3.2";
			developmentRegion = English;
			hasScannedForEncodings = 0;
			knownRegions = (
				en,
				Base,
			);
			mainGroup = 667AEDDB1A8C495D000F4A0A;
			productRefGroup = 667AEDE51A8C495E000F4A0A /* Products */;
			projectDirPath = "";
			projectRoot = "";
			targets = (
				667AEDE31A8C495E000F4A0A /* Hangman */,
				667AEDF81A8C495E000F4A0A /* HangmanTests */,
			);
		};
/* End PBXProject section */

/* Begin PBXResourcesBuildPhase section */
		667AEDE21A8C495E000F4A0A /* Resources */ = {
			isa = PBXResourcesBuildPhase;
			buildActionMask = 2147483647;
			files = (
				667AEDEF1A8C495E000F4A0A /* Main.storyboard in Resources */,
				667AEDF41A8C495E000F4A0A /* LaunchScreen.xib in Resources */,
				667AEDF11A8C495E000F4A0A /* Images.xcassets in Resources */,
			);
			runOnlyForDeploymentPostprocessing = 0;
		};
		667AEDF71A8C495E000F4A0A /* Resources */ = {
			isa = PBXResourcesBuildPhase;
			buildActionMask = 2147483647;
			files = (
			);
			runOnlyForDeploymentPostprocessing = 0;
		};
/* End PBXResourcesBuildPhase section */

/* Begin PBXSourcesBuildPhase section */
		667AEDE01A8C495E000F4A0A /* Sources */ = {
			isa = PBXSourcesBuildPhase;
			buildActionMask = 2147483647;
			files = (
				66FE96B71A929B1000C76E43 /* GuessViewController.swift in Sources */,
				667AEDEC1A8C495E000F4A0A /* ViewController.swift in Sources */,
				667AEE0C1A9271FF000F4A0A /* MyColors.swift in Sources */,
				66FE96B91A92A40300C76E43 /* HangmanDelegate.swift in Sources */,
				66FE96B41A92871600C76E43 /* NewGameViewController.swift in Sources */,
				667AEE0A1A8C4A30000F4A0A /* HangmanGame.swift in Sources */,
				667AEDEA1A8C495E000F4A0A /* AppDelegate.swift in Sources */,
			);
			runOnlyForDeploymentPostprocessing = 0;
		};
		667AEDF51A8C495E000F4A0A /* Sources */ = {
			isa = PBXSourcesBuildPhase;
			buildActionMask = 2147483647;
			files = (
				667AEE001A8C495E000F4A0A /* HangmanTests.swift in Sources */,
			);
			runOnlyForDeploymentPostprocessing = 0;
		};
/* End PBXSourcesBuildPhase section */

/* Begin PBXTargetDependency section */
		667AEDFB1A8C495E000F4A0A /* PBXTargetDependency */ = {
			isa = PBXTargetDependency;
			target = 667AEDE31A8C495E000F4A0A /* Hangman */;
			targetProxy = 667AEDFA1A8C495E000F4A0A /* PBXContainerItemProxy */;
		};
/* End PBXTargetDependency section */

/* Begin PBXVariantGroup section */
		667AEDED1A8C495E000F4A0A /* Main.storyboard */ = {
			isa = PBXVariantGroup;
			children = (
				667AEDEE1A8C495E000F4A0A /* Base */,
			);
			name = Main.storyboard;
			sourceTree = "<group>";
		};
		667AEDF21A8C495E000F4A0A /* LaunchScreen.xib */ = {
			isa = PBXVariantGroup;
			children = (
				667AEDF31A8C495E000F4A0A /* Base */,
			);
			name = LaunchScreen.xib;
			sourceTree = "<group>";
		};
/* End PBXVariantGroup section */

/* Begin XCBuildConfiguration section */
		667AEE011A8C495E000F4A0A /* Debug */ = {
			isa = XCBuildConfiguration;
			buildSettings = {
				ALWAYS_SEARCH_USER_PATHS = NO;
				CLANG_CXX_LANGUAGE_STANDARD = "gnu++0x";
				CLANG_CXX_LIBRARY = "libc++";
				CLANG_ENABLE_MODULES = YES;
				CLANG_ENABLE_OBJC_ARC = YES;
				CLANG_WARN_BOOL_CONVERSION = YES;
				CLANG_WARN_CONSTANT_CONVERSION = YES;
				CLANG_WARN_DIRECT_OBJC_ISA_USAGE = YES_ERROR;
				CLANG_WARN_EMPTY_BODY = YES;
				CLANG_WARN_ENUM_CONVERSION = YES;
				CLANG_WARN_INT_CONVERSION = YES;
				CLANG_WARN_OBJC_ROOT_CLASS = YES_ERROR;
				CLANG_WARN_UNREACHABLE_CODE = YES;
				CLANG_WARN__DUPLICATE_METHOD_MATCH = YES;
				"CODE_SIGN_IDENTITY[sdk=iphoneos*]" = "iPhone Developer";
				COPY_PHASE_STRIP = NO;
				ENABLE_STRICT_OBJC_MSGSEND = YES;
				GCC_C_LANGUAGE_STANDARD = gnu99;
				GCC_DYNAMIC_NO_PIC = NO;
				GCC_OPTIMIZATION_LEVEL = 0;
				GCC_PREPROCESSOR_DEFINITIONS = (
					"DEBUG=1",
					"$(inherited)",
				);
				GCC_SYMBOLS_PRIVATE_EXTERN = NO;
				GCC_WARN_64_TO_32_BIT_CONVERSION = YES;
				GCC_WARN_ABOUT_RETURN_TYPE = YES_ERROR;
				GCC_WARN_UNDECLARED_SELECTOR = YES;
				GCC_WARN_UNINITIALIZED_AUTOS = YES_AGGRESSIVE;
				GCC_WARN_UNUSED_FUNCTION = YES;
				GCC_WARN_UNUSED_VARIABLE = YES;
				IPHONEOS_DEPLOYMENT_TARGET = 8.1;
				MTL_ENABLE_DEBUG_INFO = YES;
				ONLY_ACTIVE_ARCH = YES;
				SDKROOT = iphoneos;
				SWIFT_OPTIMIZATION_LEVEL = "-Onone";
				TARGETED_DEVICE_FAMILY = "1,2";
			};
			name = Debug;
		};
		667AEE021A8C495E000F4A0A /* Release */ = {
			isa = XCBuildConfiguration;
			buildSettings = {
				ALWAYS_SEARCH_USER_PATHS = NO;
				CLANG_CXX_LANGUAGE_STANDARD = "gnu++0x";
				CLANG_CXX_LIBRARY = "libc++";
				CLANG_ENABLE_MODULES = YES;
				CLANG_ENABLE_OBJC_ARC = YES;
				CLANG_WARN_BOOL_CONVERSION = YES;
				CLANG_WARN_CONSTANT_CONVERSION = YES;
				CLANG_WARN_DIRECT_OBJC_ISA_USAGE = YES_ERROR;
				CLANG_WARN_EMPTY_BODY = YES;
				CLANG_WARN_ENUM_CONVERSION = YES;
				CLANG_WARN_INT_CONVERSION = YES;
				CLANG_WARN_OBJC_ROOT_CLASS = YES_ERROR;
				CLANG_WARN_UNREACHABLE_CODE = YES;
				CLANG_WARN__DUPLICATE_METHOD_MATCH = YES;
				"CODE_SIGN_IDENTITY[sdk=iphoneos*]" = "iPhone Developer";
				COPY_PHASE_STRIP = YES;
				ENABLE_NS_ASSERTIONS = NO;
				ENABLE_STRICT_OBJC_MSGSEND = YES;
				GCC_C_LANGUAGE_STANDARD = gnu99;
				GCC_WARN_64_TO_32_BIT_CONVERSION = YES;
				GCC_WARN_ABOUT_RETURN_TYPE = YES_ERROR;
				GCC_WARN_UNDECLARED_SELECTOR = YES;
				GCC_WARN_UNINITIALIZED_AUTOS = YES_AGGRESSIVE;
				GCC_WARN_UNUSED_FUNCTION = YES;
				GCC_WARN_UNUSED_VARIABLE = YES;
				IPHONEOS_DEPLOYMENT_TARGET = 8.1;
				MTL_ENABLE_DEBUG_INFO = NO;
				SDKROOT = iphoneos;
				TARGETED_DEVICE_FAMILY = "1,2";
				VALIDATE_PRODUCT = YES;
			};
			name = Release;
		};
		667AEE041A8C495E000F4A0A /* Debug */ = {
			isa = XCBuildConfiguration;
			buildSettings = {
				ASSETCATALOG_COMPILER_APPICON_NAME = AppIcon;
				INFOPLIST_FILE = Hangman/Info.plist;
				LD_RUNPATH_SEARCH_PATHS = "$(inherited) @executable_path/Frameworks";
				PRODUCT_NAME = "$(TARGET_NAME)";
			};
			name = Debug;
		};
		667AEE051A8C495E000F4A0A /* Release */ = {
			isa = XCBuildConfiguration;
			buildSettings = {
				ASSETCATALOG_COMPILER_APPICON_NAME = AppIcon;
				INFOPLIST_FILE = Hangman/Info.plist;
				LD_RUNPATH_SEARCH_PATHS = "$(inherited) @executable_path/Frameworks";
				PRODUCT_NAME = "$(TARGET_NAME)";
			};
			name = Release;
		};
		667AEE071A8C495E000F4A0A /* Debug */ = {
			isa = XCBuildConfiguration;
			buildSettings = {
				BUNDLE_LOADER = "$(TEST_HOST)";
				FRAMEWORK_SEARCH_PATHS = (
					"$(SDKROOT)/Developer/Library/Frameworks",
					"$(inherited)",
				);
				GCC_PREPROCESSOR_DEFINITIONS = (
					"DEBUG=1",
					"$(inherited)",
				);
				INFOPLIST_FILE = HangmanTests/Info.plist;
				LD_RUNPATH_SEARCH_PATHS = "$(inherited) @executable_path/Frameworks @loader_path/Frameworks";
				PRODUCT_NAME = "$(TARGET_NAME)";
				TEST_HOST = "$(BUILT_PRODUCTS_DIR)/Hangman.app/Hangman";
			};
			name = Debug;
		};
		667AEE081A8C495E000F4A0A /* Release */ = {
			isa = XCBuildConfiguration;
			buildSettings = {
				BUNDLE_LOADER = "$(TEST_HOST)";
				FRAMEWORK_SEARCH_PATHS = (
					"$(SDKROOT)/Developer/Library/Frameworks",
					"$(inherited)",
				);
				INFOPLIST_FILE = HangmanTests/Info.plist;
				LD_RUNPATH_SEARCH_PATHS = "$(inherited) @executable_path/Frameworks @loader_path/Frameworks";
				PRODUCT_NAME = "$(TARGET_NAME)";
				TEST_HOST = "$(BUILT_PRODUCTS_DIR)/Hangman.app/Hangman";
			};
			name = Release;
		};
/* End XCBuildConfiguration section */

/* Begin XCConfigurationList section */
		667AEDDF1A8C495D000F4A0A /* Build configuration list for PBXProject "Hangman" */ = {
			isa = XCConfigurationList;
			buildConfigurations = (
				667AEE011A8C495E000F4A0A /* Debug */,
				667AEE021A8C495E000F4A0A /* Release */,
			);
			defaultConfigurationIsVisible = 0;
			defaultConfigurationName = Release;
		};
		667AEE031A8C495E000F4A0A /* Build configuration list for PBXNativeTarget "Hangman" */ = {
			isa = XCConfigurationList;
			buildConfigurations = (
				667AEE041A8C495E000F4A0A /* Debug */,
				667AEE051A8C495E000F4A0A /* Release */,
			);
			defaultConfigurationIsVisible = 0;
			defaultConfigurationName = Release;
		};
		667AEE061A8C495E000F4A0A /* Build configuration list for PBXNativeTarget "HangmanTests" */ = {
			isa = XCConfigurationList;
			buildConfigurations = (
				667AEE071A8C495E000F4A0A /* Debug */,
				667AEE081A8C495E000F4A0A /* Release */,
			);
			defaultConfigurationIsVisible = 0;
			defaultConfigurationName = Release;
		};
/* End XCConfigurationList section */
	};
	rootObject = 667AEDDC1A8C495D000F4A0A /* Project object */;
}
