// !$*UTF8*$!
{
	archiveVersion = 1;
	classes = {
	};
	objectVersion = 46;
	objects = {

/* Begin PBXBuildFile section */
		661C07B51AB101F600C77479 /* AppDelegate.swift in Sources */ = {isa = PBXBuildFile; fileRef = 661C07B41AB101F600C77479 /* AppDelegate.swift */; };
		661C07B71AB101F600C77479 /* ViewController.swift in Sources */ = {isa = PBXBuildFile; fileRef = 661C07B61AB101F600C77479 /* ViewController.swift */; };
		661C07BA1AB101F600C77479 /* Main.storyboard in Resources */ = {isa = PBXBuildFile; fileRef = 661C07B81AB101F600C77479 /* Main.storyboard */; };
		661C07BC1AB101F600C77479 /* Images.xcassets in Resources */ = {isa = PBXBuildFile; fileRef = 661C07BB1AB101F600C77479 /* Images.xcassets */; };
		661C07BF1AB101F600C77479 /* LaunchScreen.xib in Resources */ = {isa = PBXBuildFile; fileRef = 661C07BD1AB101F600C77479 /* LaunchScreen.xib */; };
		661C07CB1AB101F600C77479 /* The_TweetingTests.swift in Sources */ = {isa = PBXBuildFile; fileRef = 661C07CA1AB101F600C77479 /* The_TweetingTests.swift */; };
		661C07D61AB103A000C77479 /* Bolts.framework in Frameworks */ = {isa = PBXBuildFile; fileRef = 661C07D41AB103A000C77479 /* Bolts.framework */; };
		661C07D71AB103A000C77479 /* Parse.framework in Frameworks */ = {isa = PBXBuildFile; fileRef = 661C07D51AB103A000C77479 /* Parse.framework */; };
		661C07E31AB1043900C77479 /* AudioToolbox.framework in Frameworks */ = {isa = PBXBuildFile; fileRef = 661C07D81AB1043900C77479 /* AudioToolbox.framework */; };
		661C07E41AB1043900C77479 /* CFNetwork.framework in Frameworks */ = {isa = PBXBuildFile; fileRef = 661C07D91AB1043900C77479 /* CFNetwork.framework */; };
		661C07E51AB1043900C77479 /* CoreGraphics.framework in Frameworks */ = {isa = PBXBuildFile; fileRef = 661C07DA1AB1043900C77479 /* CoreGraphics.framework */; };
		661C07E61AB1043900C77479 /* CoreLocation.framework in Frameworks */ = {isa = PBXBuildFile; fileRef = 661C07DB1AB1043900C77479 /* CoreLocation.framework */; };
		661C07E71AB1043900C77479 /* libsqlite3.dylib in Frameworks */ = {isa = PBXBuildFile; fileRef = 661C07DC1AB1043900C77479 /* libsqlite3.dylib */; };
		661C07E81AB1043900C77479 /* libz.dylib in Frameworks */ = {isa = PBXBuildFile; fileRef = 661C07DD1AB1043900C77479 /* libz.dylib */; };
		661C07E91AB1043900C77479 /* MobileCoreServices.framework in Frameworks */ = {isa = PBXBuildFile; fileRef = 661C07DE1AB1043900C77479 /* MobileCoreServices.framework */; };
		661C07EA1AB1043900C77479 /* QuartzCore.framework in Frameworks */ = {isa = PBXBuildFile; fileRef = 661C07DF1AB1043900C77479 /* QuartzCore.framework */; };
		661C07EB1AB1043900C77479 /* Security.framework in Frameworks */ = {isa = PBXBuildFile; fileRef = 661C07E01AB1043900C77479 /* Security.framework */; };
		661C07EC1AB1043900C77479 /* StoreKit.framework in Frameworks */ = {isa = PBXBuildFile; fileRef = 661C07E11AB1043900C77479 /* StoreKit.framework */; };
		661C07ED1AB1043900C77479 /* SystemConfiguration.framework in Frameworks */ = {isa = PBXBuildFile; fileRef = 661C07E21AB1043900C77479 /* SystemConfiguration.framework */; };
		661C07F31AB1183200C77479 /* UserViewController.swift in Sources */ = {isa = PBXBuildFile; fileRef = 661C07F21AB1183200C77479 /* UserViewController.swift */; };
/* End PBXBuildFile section */

/* Begin PBXContainerItemProxy section */
		661C07C51AB101F600C77479 /* PBXContainerItemProxy */ = {
			isa = PBXContainerItemProxy;
			containerPortal = 661C07A71AB101F600C77479 /* Project object */;
			proxyType = 1;
			remoteGlobalIDString = 661C07AE1AB101F600C77479;
			remoteInfo = "The Tweeting";
		};
/* End PBXContainerItemProxy section */

/* Begin PBXFileReference section */
		661C07AF1AB101F600C77479 /* The Tweeting.app */ = {isa = PBXFileReference; explicitFileType = wrapper.application; includeInIndex = 0; path = "The Tweeting.app"; sourceTree = BUILT_PRODUCTS_DIR; };
		661C07B31AB101F600C77479 /* Info.plist */ = {isa = PBXFileReference; lastKnownFileType = text.plist.xml; path = Info.plist; sourceTree = "<group>"; };
		661C07B41AB101F600C77479 /* AppDelegate.swift */ = {isa = PBXFileReference; lastKnownFileType = sourcecode.swift; path = AppDelegate.swift; sourceTree = "<group>"; };
		661C07B61AB101F600C77479 /* ViewController.swift */ = {isa = PBXFileReference; lastKnownFileType = sourcecode.swift; path = ViewController.swift; sourceTree = "<group>"; };
		661C07B91AB101F600C77479 /* Base */ = {isa = PBXFileReference; lastKnownFileType = file.storyboard; name = Base; path = Base.lproj/Main.storyboard; sourceTree = "<group>"; };
		661C07BB1AB101F600C77479 /* Images.xcassets */ = {isa = PBXFileReference; lastKnownFileType = folder.assetcatalog; path = Images.xcassets; sourceTree = "<group>"; };
		661C07BE1AB101F600C77479 /* Base */ = {isa = PBXFileReference; lastKnownFileType = file.xib; name = Base; path = Base.lproj/LaunchScreen.xib; sourceTree = "<group>"; };
		661C07C41AB101F600C77479 /* The TweetingTests.xctest */ = {isa = PBXFileReference; explicitFileType = wrapper.cfbundle; includeInIndex = 0; path = "The TweetingTests.xctest"; sourceTree = BUILT_PRODUCTS_DIR; };
		661C07C91AB101F600C77479 /* Info.plist */ = {isa = PBXFileReference; lastKnownFileType = text.plist.xml; path = Info.plist; sourceTree = "<group>"; };
		661C07CA1AB101F600C77479 /* The_TweetingTests.swift */ = {isa = PBXFileReference; lastKnownFileType = sourcecode.swift; path = The_TweetingTests.swift; sourceTree = "<group>"; };
		661C07D41AB103A000C77479 /* Bolts.framework */ = {isa = PBXFileReference; lastKnownFileType = wrapper.framework; name = Bolts.framework; path = "The Tweeting/Bolts.framework"; sourceTree = "<group>"; };
		661C07D51AB103A000C77479 /* Parse.framework */ = {isa = PBXFileReference; lastKnownFileType = wrapper.framework; name = Parse.framework; path = "The Tweeting/Parse.framework"; sourceTree = "<group>"; };
		661C07D81AB1043900C77479 /* AudioToolbox.framework */ = {isa = PBXFileReference; lastKnownFileType = wrapper.framework; name = AudioToolbox.framework; path = System/Library/Frameworks/AudioToolbox.framework; sourceTree = SDKROOT; };
		661C07D91AB1043900C77479 /* CFNetwork.framework */ = {isa = PBXFileReference; lastKnownFileType = wrapper.framework; name = CFNetwork.framework; path = System/Library/Frameworks/CFNetwork.framework; sourceTree = SDKROOT; };
		661C07DA1AB1043900C77479 /* CoreGraphics.framework */ = {isa = PBXFileReference; lastKnownFileType = wrapper.framework; name = CoreGraphics.framework; path = System/Library/Frameworks/CoreGraphics.framework; sourceTree = SDKROOT; };
		661C07DB1AB1043900C77479 /* CoreLocation.framework */ = {isa = PBXFileReference; lastKnownFileType = wrapper.framework; name = CoreLocation.framework; path = System/Library/Frameworks/CoreLocation.framework; sourceTree = SDKROOT; };
		661C07DC1AB1043900C77479 /* libsqlite3.dylib */ = {isa = PBXFileReference; lastKnownFileType = "compiled.mach-o.dylib"; name = libsqlite3.dylib; path = usr/lib/libsqlite3.dylib; sourceTree = SDKROOT; };
		661C07DD1AB1043900C77479 /* libz.dylib */ = {isa = PBXFileReference; lastKnownFileType = "compiled.mach-o.dylib"; name = libz.dylib; path = usr/lib/libz.dylib; sourceTree = SDKROOT; };
		661C07DE1AB1043900C77479 /* MobileCoreServices.framework */ = {isa = PBXFileReference; lastKnownFileType = wrapper.framework; name = MobileCoreServices.framework; path = System/Library/Frameworks/MobileCoreServices.framework; sourceTree = SDKROOT; };
		661C07DF1AB1043900C77479 /* QuartzCore.framework */ = {isa = PBXFileReference; lastKnownFileType = wrapper.framework; name = QuartzCore.framework; path = System/Library/Frameworks/QuartzCore.framework; sourceTree = SDKROOT; };
		661C07E01AB1043900C77479 /* Security.framework */ = {isa = PBXFileReference; lastKnownFileType = wrapper.framework; name = Security.framework; path = System/Library/Frameworks/Security.framework; sourceTree = SDKROOT; };
		661C07E11AB1043900C77479 /* StoreKit.framework */ = {isa = PBXFileReference; lastKnownFileType = wrapper.framework; name = StoreKit.framework; path = System/Library/Frameworks/StoreKit.framework; sourceTree = SDKROOT; };
		661C07E21AB1043900C77479 /* SystemConfiguration.framework */ = {isa = PBXFileReference; lastKnownFileType = wrapper.framework; name = SystemConfiguration.framework; path = System/Library/Frameworks/SystemConfiguration.framework; sourceTree = SDKROOT; };
		661C07EF1AB1056000C77479 /* The Tweeting-Bridging-Header.h */ = {isa = PBXFileReference; lastKnownFileType = sourcecode.c.h; path = "The Tweeting-Bridging-Header.h"; sourceTree = "<group>"; };
		661C07F21AB1183200C77479 /* UserViewController.swift */ = {isa = PBXFileReference; fileEncoding = 4; lastKnownFileType = sourcecode.swift; path = UserViewController.swift; sourceTree = "<group>"; };
/* End PBXFileReference section */

/* Begin PBXFrameworksBuildPhase section */
		661C07AC1AB101F600C77479 /* Frameworks */ = {
			isa = PBXFrameworksBuildPhase;
			buildActionMask = 2147483647;
			files = (
				661C07E31AB1043900C77479 /* AudioToolbox.framework in Frameworks */,
				661C07E41AB1043900C77479 /* CFNetwork.framework in Frameworks */,
				661C07E51AB1043900C77479 /* CoreGraphics.framework in Frameworks */,
				661C07E61AB1043900C77479 /* CoreLocation.framework in Frameworks */,
				661C07E71AB1043900C77479 /* libsqlite3.dylib in Frameworks */,
				661C07E81AB1043900C77479 /* libz.dylib in Frameworks */,
				661C07E91AB1043900C77479 /* MobileCoreServices.framework in Frameworks */,
				661C07EA1AB1043900C77479 /* QuartzCore.framework in Frameworks */,
				661C07EB1AB1043900C77479 /* Security.framework in Frameworks */,
				661C07EC1AB1043900C77479 /* StoreKit.framework in Frameworks */,
				661C07ED1AB1043900C77479 /* SystemConfiguration.framework in Frameworks */,
				661C07D71AB103A000C77479 /* Parse.framework in Frameworks */,
				661C07D61AB103A000C77479 /* Bolts.framework in Frameworks */,
			);
			runOnlyForDeploymentPostprocessing = 0;
		};
		661C07C11AB101F600C77479 /* Frameworks */ = {
			isa = PBXFrameworksBuildPhase;
			buildActionMask = 2147483647;
			files = (
			);
			runOnlyForDeploymentPostprocessing = 0;
		};
/* End PBXFrameworksBuildPhase section */

/* Begin PBXGroup section */
		661C07A61AB101F600C77479 = {
			isa = PBXGroup;
			children = (
				661C07EE1AB104E100C77479 /* Frameworks */,
				661C07B11AB101F600C77479 /* The Tweeting */,
				661C07C71AB101F600C77479 /* The TweetingTests */,
				661C07B01AB101F600C77479 /* Products */,
			);
			sourceTree = "<group>";
		};
		661C07B01AB101F600C77479 /* Products */ = {
			isa = PBXGroup;
			children = (
				661C07AF1AB101F600C77479 /* The Tweeting.app */,
				661C07C41AB101F600C77479 /* The TweetingTests.xctest */,
			);
			name = Products;
			sourceTree = "<group>";
		};
		661C07B11AB101F600C77479 /* The Tweeting */ = {
			isa = PBXGroup;
			children = (
				661C07B41AB101F600C77479 /* AppDelegate.swift */,
				661C07B61AB101F600C77479 /* ViewController.swift */,
				661C07B81AB101F600C77479 /* Main.storyboard */,
				661C07BB1AB101F600C77479 /* Images.xcassets */,
				661C07BD1AB101F600C77479 /* LaunchScreen.xib */,
				661C07B21AB101F600C77479 /* Supporting Files */,
				661C07EF1AB1056000C77479 /* The Tweeting-Bridging-Header.h */,
				661C07F21AB1183200C77479 /* UserViewController.swift */,
			);
			path = "The Tweeting";
			sourceTree = "<group>";
		};
		661C07B21AB101F600C77479 /* Supporting Files */ = {
			isa = PBXGroup;
			children = (
				661C07B31AB101F600C77479 /* Info.plist */,
			);
			name = "Supporting Files";
			sourceTree = "<group>";
		};
		661C07C71AB101F600C77479 /* The TweetingTests */ = {
			isa = PBXGroup;
			children = (
				661C07CA1AB101F600C77479 /* The_TweetingTests.swift */,
				661C07C81AB101F600C77479 /* Supporting Files */,
			);
			path = "The TweetingTests";
			sourceTree = "<group>";
		};
		661C07C81AB101F600C77479 /* Supporting Files */ = {
			isa = PBXGroup;
			children = (
				661C07C91AB101F600C77479 /* Info.plist */,
			);
			name = "Supporting Files";
			sourceTree = "<group>";
		};
		661C07EE1AB104E100C77479 /* Frameworks */ = {
			isa = PBXGroup;
			children = (
				661C07DC1AB1043900C77479 /* libsqlite3.dylib */,
				661C07DD1AB1043900C77479 /* libz.dylib */,
				661C07D51AB103A000C77479 /* Parse.framework */,
				661C07D41AB103A000C77479 /* Bolts.framework */,
				661C07D81AB1043900C77479 /* AudioToolbox.framework */,
				661C07D91AB1043900C77479 /* CFNetwork.framework */,
				661C07DA1AB1043900C77479 /* CoreGraphics.framework */,
				661C07DB1AB1043900C77479 /* CoreLocation.framework */,
				661C07DE1AB1043900C77479 /* MobileCoreServices.framework */,
				661C07DF1AB1043900C77479 /* QuartzCore.framework */,
				661C07E01AB1043900C77479 /* Security.framework */,
				661C07E11AB1043900C77479 /* StoreKit.framework */,
				661C07E21AB1043900C77479 /* SystemConfiguration.framework */,
			);
			name = Frameworks;
			sourceTree = "<group>";
		};
/* End PBXGroup section */

/* Begin PBXNativeTarget section */
		661C07AE1AB101F600C77479 /* The Tweeting */ = {
			isa = PBXNativeTarget;
			buildConfigurationList = 661C07CE1AB101F600C77479 /* Build configuration list for PBXNativeTarget "The Tweeting" */;
			buildPhases = (
				661C07AB1AB101F600C77479 /* Sources */,
				661C07AC1AB101F600C77479 /* Frameworks */,
				661C07AD1AB101F600C77479 /* Resources */,
			);
			buildRules = (
			);
			dependencies = (
			);
			name = "The Tweeting";
			productName = "The Tweeting";
			productReference = 661C07AF1AB101F600C77479 /* The Tweeting.app */;
			productType = "com.apple.product-type.application";
		};
		661C07C31AB101F600C77479 /* The TweetingTests */ = {
			isa = PBXNativeTarget;
			buildConfigurationList = 661C07D11AB101F600C77479 /* Build configuration list for PBXNativeTarget "The TweetingTests" */;
			buildPhases = (
				661C07C01AB101F600C77479 /* Sources */,
				661C07C11AB101F600C77479 /* Frameworks */,
				661C07C21AB101F600C77479 /* Resources */,
			);
			buildRules = (
			);
			dependencies = (
				661C07C61AB101F600C77479 /* PBXTargetDependency */,
			);
			name = "The TweetingTests";
			productName = "The TweetingTests";
			productReference = 661C07C41AB101F600C77479 /* The TweetingTests.xctest */;
			productType = "com.apple.product-type.bundle.unit-test";
		};
/* End PBXNativeTarget section */

/* Begin PBXProject section */
		661C07A71AB101F600C77479 /* Project object */ = {
			isa = PBXProject;
			attributes = {
				LastUpgradeCheck = 0620;
				ORGANIZATIONNAME = "Adam Ostrich";
				TargetAttributes = {
					661C07AE1AB101F600C77479 = {
						CreatedOnToolsVersion = 6.2;
					};
					661C07C31AB101F600C77479 = {
						CreatedOnToolsVersion = 6.2;
						TestTargetID = 661C07AE1AB101F600C77479;
					};
				};
			};
			buildConfigurationList = 661C07AA1AB101F600C77479 /* Build configuration list for PBXProject "The Tweeting" */;
			compatibilityVersion = "Xcode 3.2";
			developmentRegion = English;
			hasScannedForEncodings = 0;
			knownRegions = (
				en,
				Base,
			);
			mainGroup = 661C07A61AB101F600C77479;
			productRefGroup = 661C07B01AB101F600C77479 /* Products */;
			projectDirPath = "";
			projectRoot = "";
			targets = (
				661C07AE1AB101F600C77479 /* The Tweeting */,
				661C07C31AB101F600C77479 /* The TweetingTests */,
			);
		};
/* End PBXProject section */

/* Begin PBXResourcesBuildPhase section */
		661C07AD1AB101F600C77479 /* Resources */ = {
			isa = PBXResourcesBuildPhase;
			buildActionMask = 2147483647;
			files = (
				661C07BA1AB101F600C77479 /* Main.storyboard in Resources */,
				661C07BF1AB101F600C77479 /* LaunchScreen.xib in Resources */,
				661C07BC1AB101F600C77479 /* Images.xcassets in Resources */,
			);
			runOnlyForDeploymentPostprocessing = 0;
		};
		661C07C21AB101F600C77479 /* Resources */ = {
			isa = PBXResourcesBuildPhase;
			buildActionMask = 2147483647;
			files = (
			);
			runOnlyForDeploymentPostprocessing = 0;
		};
/* End PBXResourcesBuildPhase section */

/* Begin PBXSourcesBuildPhase section */
		661C07AB1AB101F600C77479 /* Sources */ = {
			isa = PBXSourcesBuildPhase;
			buildActionMask = 2147483647;
			files = (
				661C07B71AB101F600C77479 /* ViewController.swift in Sources */,
				661C07F31AB1183200C77479 /* UserViewController.swift in Sources */,
				661C07B51AB101F600C77479 /* AppDelegate.swift in Sources */,
			);
			runOnlyForDeploymentPostprocessing = 0;
		};
		661C07C01AB101F600C77479 /* Sources */ = {
			isa = PBXSourcesBuildPhase;
			buildActionMask = 2147483647;
			files = (
				661C07CB1AB101F600C77479 /* The_TweetingTests.swift in Sources */,
			);
			runOnlyForDeploymentPostprocessing = 0;
		};
/* End PBXSourcesBuildPhase section */

/* Begin PBXTargetDependency section */
		661C07C61AB101F600C77479 /* PBXTargetDependency */ = {
			isa = PBXTargetDependency;
			target = 661C07AE1AB101F600C77479 /* The Tweeting */;
			targetProxy = 661C07C51AB101F600C77479 /* PBXContainerItemProxy */;
		};
/* End PBXTargetDependency section */

/* Begin PBXVariantGroup section */
		661C07B81AB101F600C77479 /* Main.storyboard */ = {
			isa = PBXVariantGroup;
			children = (
				661C07B91AB101F600C77479 /* Base */,
			);
			name = Main.storyboard;
			sourceTree = "<group>";
		};
		661C07BD1AB101F600C77479 /* LaunchScreen.xib */ = {
			isa = PBXVariantGroup;
			children = (
				661C07BE1AB101F600C77479 /* Base */,
			);
			name = LaunchScreen.xib;
			sourceTree = "<group>";
		};
/* End PBXVariantGroup section */

/* Begin XCBuildConfiguration section */
		661C07CC1AB101F600C77479 /* Debug */ = {
			isa = XCBuildConfiguration;
			buildSettings = {
				ALWAYS_SEARCH_USER_PATHS = NO;
				CLANG_CXX_LANGUAGE_STANDARD = "gnu++0x";
				CLANG_CXX_LIBRARY = "libc++";
				CLANG_ENABLE_MODULES = YES;
				CLANG_ENABLE_OBJC_ARC = YES;
				CLANG_WARN_BOOL_CONVERSION = YES;
				CLANG_WARN_CONSTANT_CONVERSION = YES;
				CLANG_WARN_DIRECT_OBJC_ISA_USAGE = YES_ERROR;
				CLANG_WARN_EMPTY_BODY = YES;
				CLANG_WARN_ENUM_CONVERSION = YES;
				CLANG_WARN_INT_CONVERSION = YES;
				CLANG_WARN_OBJC_ROOT_CLASS = YES_ERROR;
				CLANG_WARN_UNREACHABLE_CODE = YES;
				CLANG_WARN__DUPLICATE_METHOD_MATCH = YES;
				"CODE_SIGN_IDENTITY[sdk=iphoneos*]" = "iPhone Developer";
				COPY_PHASE_STRIP = NO;
				ENABLE_STRICT_OBJC_MSGSEND = YES;
				GCC_C_LANGUAGE_STANDARD = gnu99;
				GCC_DYNAMIC_NO_PIC = NO;
				GCC_OPTIMIZATION_LEVEL = 0;
				GCC_PREPROCESSOR_DEFINITIONS = (
					"DEBUG=1",
					"$(inherited)",
				);
				GCC_SYMBOLS_PRIVATE_EXTERN = NO;
				GCC_WARN_64_TO_32_BIT_CONVERSION = YES;
				GCC_WARN_ABOUT_RETURN_TYPE = YES_ERROR;
				GCC_WARN_UNDECLARED_SELECTOR = YES;
				GCC_WARN_UNINITIALIZED_AUTOS = YES_AGGRESSIVE;
				GCC_WARN_UNUSED_FUNCTION = YES;
				GCC_WARN_UNUSED_VARIABLE = YES;
				IPHONEOS_DEPLOYMENT_TARGET = 8.2;
				MTL_ENABLE_DEBUG_INFO = YES;
				ONLY_ACTIVE_ARCH = YES;
				SDKROOT = iphoneos;
				SWIFT_OPTIMIZATION_LEVEL = "-Onone";
				TARGETED_DEVICE_FAMILY = "1,2";
			};
			name = Debug;
		};
		661C07CD1AB101F600C77479 /* Release */ = {
			isa = XCBuildConfiguration;
			buildSettings = {
				ALWAYS_SEARCH_USER_PATHS = NO;
				CLANG_CXX_LANGUAGE_STANDARD = "gnu++0x";
				CLANG_CXX_LIBRARY = "libc++";
				CLANG_ENABLE_MODULES = YES;
				CLANG_ENABLE_OBJC_ARC = YES;
				CLANG_WARN_BOOL_CONVERSION = YES;
				CLANG_WARN_CONSTANT_CONVERSION = YES;
				CLANG_WARN_DIRECT_OBJC_ISA_USAGE = YES_ERROR;
				CLANG_WARN_EMPTY_BODY = YES;
				CLANG_WARN_ENUM_CONVERSION = YES;
				CLANG_WARN_INT_CONVERSION = YES;
				CLANG_WARN_OBJC_ROOT_CLASS = YES_ERROR;
				CLANG_WARN_UNREACHABLE_CODE = YES;
				CLANG_WARN__DUPLICATE_METHOD_MATCH = YES;
				"CODE_SIGN_IDENTITY[sdk=iphoneos*]" = "iPhone Developer";
				COPY_PHASE_STRIP = NO;
				ENABLE_NS_ASSERTIONS = NO;
				ENABLE_STRICT_OBJC_MSGSEND = YES;
				GCC_C_LANGUAGE_STANDARD = gnu99;
				GCC_WARN_64_TO_32_BIT_CONVERSION = YES;
				GCC_WARN_ABOUT_RETURN_TYPE = YES_ERROR;
				GCC_WARN_UNDECLARED_SELECTOR = YES;
				GCC_WARN_UNINITIALIZED_AUTOS = YES_AGGRESSIVE;
				GCC_WARN_UNUSED_FUNCTION = YES;
				GCC_WARN_UNUSED_VARIABLE = YES;
				IPHONEOS_DEPLOYMENT_TARGET = 8.2;
				MTL_ENABLE_DEBUG_INFO = NO;
				SDKROOT = iphoneos;
				TARGETED_DEVICE_FAMILY = "1,2";
				VALIDATE_PRODUCT = YES;
			};
			name = Release;
		};
		661C07CF1AB101F600C77479 /* Debug */ = {
			isa = XCBuildConfiguration;
			buildSettings = {
				ASSETCATALOG_COMPILER_APPICON_NAME = AppIcon;
				CLANG_ENABLE_MODULES = YES;
				FRAMEWORK_SEARCH_PATHS = (
					"$(inherited)",
					"$(PROJECT_DIR)/The",
					Tweeting,
				);
				INFOPLIST_FILE = "The Tweeting/Info.plist";
				LD_RUNPATH_SEARCH_PATHS = "$(inherited) @executable_path/Frameworks";
				PRODUCT_NAME = "$(TARGET_NAME)";
				SWIFT_OBJC_BRIDGING_HEADER = "The Tweeting/The Tweeting-Bridging-Header.h";
				SWIFT_OPTIMIZATION_LEVEL = "-Onone";
			};
			name = Debug;
		};
		661C07D01AB101F600C77479 /* Release */ = {
			isa = XCBuildConfiguration;
			buildSettings = {
				ASSETCATALOG_COMPILER_APPICON_NAME = AppIcon;
				CLANG_ENABLE_MODULES = YES;
				FRAMEWORK_SEARCH_PATHS = (
					"$(inherited)",
					"$(PROJECT_DIR)/The",
					Tweeting,
				);
				INFOPLIST_FILE = "The Tweeting/Info.plist";
				LD_RUNPATH_SEARCH_PATHS = "$(inherited) @executable_path/Frameworks";
				PRODUCT_NAME = "$(TARGET_NAME)";
				SWIFT_OBJC_BRIDGING_HEADER = "The Tweeting/The Tweeting-Bridging-Header.h";
			};
			name = Release;
		};
		661C07D21AB101F600C77479 /* Debug */ = {
			isa = XCBuildConfiguration;
			buildSettings = {
				BUNDLE_LOADER = "$(TEST_HOST)";
				FRAMEWORK_SEARCH_PATHS = (
					"$(SDKROOT)/Developer/Library/Frameworks",
					"$(inherited)",
				);
				GCC_PREPROCESSOR_DEFINITIONS = (
					"DEBUG=1",
					"$(inherited)",
				);
				INFOPLIST_FILE = "The TweetingTests/Info.plist";
				LD_RUNPATH_SEARCH_PATHS = "$(inherited) @executable_path/Frameworks @loader_path/Frameworks";
				PRODUCT_NAME = "$(TARGET_NAME)";
				TEST_HOST = "$(BUILT_PRODUCTS_DIR)/The Tweeting.app/The Tweeting";
			};
			name = Debug;
		};
		661C07D31AB101F600C77479 /* Release */ = {
			isa = XCBuildConfiguration;
			buildSettings = {
				BUNDLE_LOADER = "$(TEST_HOST)";
				FRAMEWORK_SEARCH_PATHS = (
					"$(SDKROOT)/Developer/Library/Frameworks",
					"$(inherited)",
				);
				INFOPLIST_FILE = "The TweetingTests/Info.plist";
				LD_RUNPATH_SEARCH_PATHS = "$(inherited) @executable_path/Frameworks @loader_path/Frameworks";
				PRODUCT_NAME = "$(TARGET_NAME)";
				TEST_HOST = "$(BUILT_PRODUCTS_DIR)/The Tweeting.app/The Tweeting";
			};
			name = Release;
		};
/* End XCBuildConfiguration section */

/* Begin XCConfigurationList section */
		661C07AA1AB101F600C77479 /* Build configuration list for PBXProject "The Tweeting" */ = {
			isa = XCConfigurationList;
			buildConfigurations = (
				661C07CC1AB101F600C77479 /* Debug */,
				661C07CD1AB101F600C77479 /* Release */,
			);
			defaultConfigurationIsVisible = 0;
			defaultConfigurationName = Release;
		};
		661C07CE1AB101F600C77479 /* Build configuration list for PBXNativeTarget "The Tweeting" */ = {
			isa = XCConfigurationList;
			buildConfigurations = (
				661C07CF1AB101F600C77479 /* Debug */,
				661C07D01AB101F600C77479 /* Release */,
			);
			defaultConfigurationIsVisible = 0;
		};
		661C07D11AB101F600C77479 /* Build configuration list for PBXNativeTarget "The TweetingTests" */ = {
			isa = XCConfigurationList;
			buildConfigurations = (
				661C07D21AB101F600C77479 /* Debug */,
				661C07D31AB101F600C77479 /* Release */,
			);
			defaultConfigurationIsVisible = 0;
		};
/* End XCConfigurationList section */
	};
	rootObject = 661C07A71AB101F600C77479 /* Project object */;
}
