// !$*UTF8*$!
{
	archiveVersion = 1;
	classes = {
	};
	objectVersion = 46;
	objects = {

/* Begin PBXBuildFile section */
		66F1CF471A48E6190054DACF /* AppDelegate.swift in Sources */ = {isa = PBXBuildFile; fileRef = 66F1CF461A48E6190054DACF /* AppDelegate.swift */; };
		66F1CF491A48E6190054DACF /* ViewController.swift in Sources */ = {isa = PBXBuildFile; fileRef = 66F1CF481A48E6190054DACF /* ViewController.swift */; };
		66F1CF4C1A48E6190054DACF /* Main.storyboard in Resources */ = {isa = PBXBuildFile; fileRef = 66F1CF4A1A48E6190054DACF /* Main.storyboard */; };
		66F1CF4E1A48E6190054DACF /* Images.xcassets in Resources */ = {isa = PBXBuildFile; fileRef = 66F1CF4D1A48E6190054DACF /* Images.xcassets */; };
		66F1CF511A48E6190054DACF /* LaunchScreen.xib in Resources */ = {isa = PBXBuildFile; fileRef = 66F1CF4F1A48E6190054DACF /* LaunchScreen.xib */; };
		66F1CF5D1A48E6190054DACF /* Nib_DemoTests.swift in Sources */ = {isa = PBXBuildFile; fileRef = 66F1CF5C1A48E6190054DACF /* Nib_DemoTests.swift */; };
/* End PBXBuildFile section */

/* Begin PBXContainerItemProxy section */
		66F1CF571A48E6190054DACF /* PBXContainerItemProxy */ = {
			isa = PBXContainerItemProxy;
			containerPortal = 66F1CF391A48E6190054DACF /* Project object */;
			proxyType = 1;
			remoteGlobalIDString = 66F1CF401A48E6190054DACF;
			remoteInfo = "Nib Demo";
		};
/* End PBXContainerItemProxy section */

/* Begin PBXFileReference section */
		66F1CF411A48E6190054DACF /* Nib Demo.app */ = {isa = PBXFileReference; explicitFileType = wrapper.application; includeInIndex = 0; path = "Nib Demo.app"; sourceTree = BUILT_PRODUCTS_DIR; };
		66F1CF451A48E6190054DACF /* Info.plist */ = {isa = PBXFileReference; lastKnownFileType = text.plist.xml; path = Info.plist; sourceTree = "<group>"; };
		66F1CF461A48E6190054DACF /* AppDelegate.swift */ = {isa = PBXFileReference; lastKnownFileType = sourcecode.swift; path = AppDelegate.swift; sourceTree = "<group>"; };
		66F1CF481A48E6190054DACF /* ViewController.swift */ = {isa = PBXFileReference; lastKnownFileType = sourcecode.swift; path = ViewController.swift; sourceTree = "<group>"; };
		66F1CF4B1A48E6190054DACF /* Base */ = {isa = PBXFileReference; lastKnownFileType = file.storyboard; name = Base; path = Base.lproj/Main.storyboard; sourceTree = "<group>"; };
		66F1CF4D1A48E6190054DACF /* Images.xcassets */ = {isa = PBXFileReference; lastKnownFileType = folder.assetcatalog; path = Images.xcassets; sourceTree = "<group>"; };
		66F1CF501A48E6190054DACF /* Base */ = {isa = PBXFileReference; lastKnownFileType = file.xib; name = Base; path = Base.lproj/LaunchScreen.xib; sourceTree = "<group>"; };
		66F1CF561A48E6190054DACF /* Nib DemoTests.xctest */ = {isa = PBXFileReference; explicitFileType = wrapper.cfbundle; includeInIndex = 0; path = "Nib DemoTests.xctest"; sourceTree = BUILT_PRODUCTS_DIR; };
		66F1CF5B1A48E6190054DACF /* Info.plist */ = {isa = PBXFileReference; lastKnownFileType = text.plist.xml; path = Info.plist; sourceTree = "<group>"; };
		66F1CF5C1A48E6190054DACF /* Nib_DemoTests.swift */ = {isa = PBXFileReference; lastKnownFileType = sourcecode.swift; path = Nib_DemoTests.swift; sourceTree = "<group>"; };
/* End PBXFileReference section */

/* Begin PBXFrameworksBuildPhase section */
		66F1CF3E1A48E6190054DACF /* Frameworks */ = {
			isa = PBXFrameworksBuildPhase;
			buildActionMask = 2147483647;
			files = (
			);
			runOnlyForDeploymentPostprocessing = 0;
		};
		66F1CF531A48E6190054DACF /* Frameworks */ = {
			isa = PBXFrameworksBuildPhase;
			buildActionMask = 2147483647;
			files = (
			);
			runOnlyForDeploymentPostprocessing = 0;
		};
/* End PBXFrameworksBuildPhase section */

/* Begin PBXGroup section */
		66F1CF381A48E6190054DACF = {
			isa = PBXGroup;
			children = (
				66F1CF431A48E6190054DACF /* Nib Demo */,
				66F1CF591A48E6190054DACF /* Nib DemoTests */,
				66F1CF421A48E6190054DACF /* Products */,
			);
			sourceTree = "<group>";
		};
		66F1CF421A48E6190054DACF /* Products */ = {
			isa = PBXGroup;
			children = (
				66F1CF411A48E6190054DACF /* Nib Demo.app */,
				66F1CF561A48E6190054DACF /* Nib DemoTests.xctest */,
			);
			name = Products;
			sourceTree = "<group>";
		};
		66F1CF431A48E6190054DACF /* Nib Demo */ = {
			isa = PBXGroup;
			children = (
				66F1CF461A48E6190054DACF /* AppDelegate.swift */,
				66F1CF481A48E6190054DACF /* ViewController.swift */,
				66F1CF4A1A48E6190054DACF /* Main.storyboard */,
				66F1CF4D1A48E6190054DACF /* Images.xcassets */,
				66F1CF4F1A48E6190054DACF /* LaunchScreen.xib */,
				66F1CF441A48E6190054DACF /* Supporting Files */,
			);
			path = "Nib Demo";
			sourceTree = "<group>";
		};
		66F1CF441A48E6190054DACF /* Supporting Files */ = {
			isa = PBXGroup;
			children = (
				66F1CF451A48E6190054DACF /* Info.plist */,
			);
			name = "Supporting Files";
			sourceTree = "<group>";
		};
		66F1CF591A48E6190054DACF /* Nib DemoTests */ = {
			isa = PBXGroup;
			children = (
				66F1CF5C1A48E6190054DACF /* Nib_DemoTests.swift */,
				66F1CF5A1A48E6190054DACF /* Supporting Files */,
			);
			path = "Nib DemoTests";
			sourceTree = "<group>";
		};
		66F1CF5A1A48E6190054DACF /* Supporting Files */ = {
			isa = PBXGroup;
			children = (
				66F1CF5B1A48E6190054DACF /* Info.plist */,
			);
			name = "Supporting Files";
			sourceTree = "<group>";
		};
/* End PBXGroup section */

/* Begin PBXNativeTarget section */
		66F1CF401A48E6190054DACF /* Nib Demo */ = {
			isa = PBXNativeTarget;
			buildConfigurationList = 66F1CF601A48E6190054DACF /* Build configuration list for PBXNativeTarget "Nib Demo" */;
			buildPhases = (
				66F1CF3D1A48E6190054DACF /* Sources */,
				66F1CF3E1A48E6190054DACF /* Frameworks */,
				66F1CF3F1A48E6190054DACF /* Resources */,
			);
			buildRules = (
			);
			dependencies = (
			);
			name = "Nib Demo";
			productName = "Nib Demo";
			productReference = 66F1CF411A48E6190054DACF /* Nib Demo.app */;
			productType = "com.apple.product-type.application";
		};
		66F1CF551A48E6190054DACF /* Nib DemoTests */ = {
			isa = PBXNativeTarget;
			buildConfigurationList = 66F1CF631A48E6190054DACF /* Build configuration list for PBXNativeTarget "Nib DemoTests" */;
			buildPhases = (
				66F1CF521A48E6190054DACF /* Sources */,
				66F1CF531A48E6190054DACF /* Frameworks */,
				66F1CF541A48E6190054DACF /* Resources */,
			);
			buildRules = (
			);
			dependencies = (
				66F1CF581A48E6190054DACF /* PBXTargetDependency */,
			);
			name = "Nib DemoTests";
			productName = "Nib DemoTests";
			productReference = 66F1CF561A48E6190054DACF /* Nib DemoTests.xctest */;
			productType = "com.apple.product-type.bundle.unit-test";
		};
/* End PBXNativeTarget section */

/* Begin PBXProject section */
		66F1CF391A48E6190054DACF /* Project object */ = {
			isa = PBXProject;
			attributes = {
				LastUpgradeCheck = 0610;
				ORGANIZATIONNAME = "Adam Ostrich";
				TargetAttributes = {
					66F1CF401A48E6190054DACF = {
						CreatedOnToolsVersion = 6.1.1;
					};
					66F1CF551A48E6190054DACF = {
						CreatedOnToolsVersion = 6.1.1;
						TestTargetID = 66F1CF401A48E6190054DACF;
					};
				};
			};
			buildConfigurationList = 66F1CF3C1A48E6190054DACF /* Build configuration list for PBXProject "Nib Demo" */;
			compatibilityVersion = "Xcode 3.2";
			developmentRegion = English;
			hasScannedForEncodings = 0;
			knownRegions = (
				en,
				Base,
			);
			mainGroup = 66F1CF381A48E6190054DACF;
			productRefGroup = 66F1CF421A48E6190054DACF /* Products */;
			projectDirPath = "";
			projectRoot = "";
			targets = (
				66F1CF401A48E6190054DACF /* Nib Demo */,
				66F1CF551A48E6190054DACF /* Nib DemoTests */,
			);
		};
/* End PBXProject section */

/* Begin PBXResourcesBuildPhase section */
		66F1CF3F1A48E6190054DACF /* Resources */ = {
			isa = PBXResourcesBuildPhase;
			buildActionMask = 2147483647;
			files = (
				66F1CF4C1A48E6190054DACF /* Main.storyboard in Resources */,
				66F1CF511A48E6190054DACF /* LaunchScreen.xib in Resources */,
				66F1CF4E1A48E6190054DACF /* Images.xcassets in Resources */,
			);
			runOnlyForDeploymentPostprocessing = 0;
		};
		66F1CF541A48E6190054DACF /* Resources */ = {
			isa = PBXResourcesBuildPhase;
			buildActionMask = 2147483647;
			files = (
			);
			runOnlyForDeploymentPostprocessing = 0;
		};
/* End PBXResourcesBuildPhase section */

/* Begin PBXSourcesBuildPhase section */
		66F1CF3D1A48E6190054DACF /* Sources */ = {
			isa = PBXSourcesBuildPhase;
			buildActionMask = 2147483647;
			files = (
				66F1CF491A48E6190054DACF /* ViewController.swift in Sources */,
				66F1CF471A48E6190054DACF /* AppDelegate.swift in Sources */,
			);
			runOnlyForDeploymentPostprocessing = 0;
		};
		66F1CF521A48E6190054DACF /* Sources */ = {
			isa = PBXSourcesBuildPhase;
			buildActionMask = 2147483647;
			files = (
				66F1CF5D1A48E6190054DACF /* Nib_DemoTests.swift in Sources */,
			);
			runOnlyForDeploymentPostprocessing = 0;
		};
/* End PBXSourcesBuildPhase section */

/* Begin PBXTargetDependency section */
		66F1CF581A48E6190054DACF /* PBXTargetDependency */ = {
			isa = PBXTargetDependency;
			target = 66F1CF401A48E6190054DACF /* Nib Demo */;
			targetProxy = 66F1CF571A48E6190054DACF /* PBXContainerItemProxy */;
		};
/* End PBXTargetDependency section */

/* Begin PBXVariantGroup section */
		66F1CF4A1A48E6190054DACF /* Main.storyboard */ = {
			isa = PBXVariantGroup;
			children = (
				66F1CF4B1A48E6190054DACF /* Base */,
			);
			name = Main.storyboard;
			sourceTree = "<group>";
		};
		66F1CF4F1A48E6190054DACF /* LaunchScreen.xib */ = {
			isa = PBXVariantGroup;
			children = (
				66F1CF501A48E6190054DACF /* Base */,
			);
			name = LaunchScreen.xib;
			sourceTree = "<group>";
		};
/* End PBXVariantGroup section */

/* Begin XCBuildConfiguration section */
		66F1CF5E1A48E6190054DACF /* Debug */ = {
			isa = XCBuildConfiguration;
			buildSettings = {
				ALWAYS_SEARCH_USER_PATHS = NO;
				CLANG_CXX_LANGUAGE_STANDARD = "gnu++0x";
				CLANG_CXX_LIBRARY = "libc++";
				CLANG_ENABLE_MODULES = YES;
				CLANG_ENABLE_OBJC_ARC = YES;
				CLANG_WARN_BOOL_CONVERSION = YES;
				CLANG_WARN_CONSTANT_CONVERSION = YES;
				CLANG_WARN_DIRECT_OBJC_ISA_USAGE = YES_ERROR;
				CLANG_WARN_EMPTY_BODY = YES;
				CLANG_WARN_ENUM_CONVERSION = YES;
				CLANG_WARN_INT_CONVERSION = YES;
				CLANG_WARN_OBJC_ROOT_CLASS = YES_ERROR;
				CLANG_WARN_UNREACHABLE_CODE = YES;
				CLANG_WARN__DUPLICATE_METHOD_MATCH = YES;
				"CODE_SIGN_IDENTITY[sdk=iphoneos*]" = "iPhone Developer";
				COPY_PHASE_STRIP = NO;
				ENABLE_STRICT_OBJC_MSGSEND = YES;
				GCC_C_LANGUAGE_STANDARD = gnu99;
				GCC_DYNAMIC_NO_PIC = NO;
				GCC_OPTIMIZATION_LEVEL = 0;
				GCC_PREPROCESSOR_DEFINITIONS = (
					"DEBUG=1",
					"$(inherited)",
				);
				GCC_SYMBOLS_PRIVATE_EXTERN = NO;
				GCC_WARN_64_TO_32_BIT_CONVERSION = YES;
				GCC_WARN_ABOUT_RETURN_TYPE = YES_ERROR;
				GCC_WARN_UNDECLARED_SELECTOR = YES;
				GCC_WARN_UNINITIALIZED_AUTOS = YES_AGGRESSIVE;
				GCC_WARN_UNUSED_FUNCTION = YES;
				GCC_WARN_UNUSED_VARIABLE = YES;
				IPHONEOS_DEPLOYMENT_TARGET = 8.1;
				MTL_ENABLE_DEBUG_INFO = YES;
				ONLY_ACTIVE_ARCH = YES;
				SDKROOT = iphoneos;
				SWIFT_OPTIMIZATION_LEVEL = "-Onone";
				TARGETED_DEVICE_FAMILY = "1,2";
			};
			name = Debug;
		};
		66F1CF5F1A48E6190054DACF /* Release */ = {
			isa = XCBuildConfiguration;
			buildSettings = {
				ALWAYS_SEARCH_USER_PATHS = NO;
				CLANG_CXX_LANGUAGE_STANDARD = "gnu++0x";
				CLANG_CXX_LIBRARY = "libc++";
				CLANG_ENABLE_MODULES = YES;
				CLANG_ENABLE_OBJC_ARC = YES;
				CLANG_WARN_BOOL_CONVERSION = YES;
				CLANG_WARN_CONSTANT_CONVERSION = YES;
				CLANG_WARN_DIRECT_OBJC_ISA_USAGE = YES_ERROR;
				CLANG_WARN_EMPTY_BODY = YES;
				CLANG_WARN_ENUM_CONVERSION = YES;
				CLANG_WARN_INT_CONVERSION = YES;
				CLANG_WARN_OBJC_ROOT_CLASS = YES_ERROR;
				CLANG_WARN_UNREACHABLE_CODE = YES;
				CLANG_WARN__DUPLICATE_METHOD_MATCH = YES;
				"CODE_SIGN_IDENTITY[sdk=iphoneos*]" = "iPhone Developer";
				COPY_PHASE_STRIP = YES;
				ENABLE_NS_ASSERTIONS = NO;
				ENABLE_STRICT_OBJC_MSGSEND = YES;
				GCC_C_LANGUAGE_STANDARD = gnu99;
				GCC_WARN_64_TO_32_BIT_CONVERSION = YES;
				GCC_WARN_ABOUT_RETURN_TYPE = YES_ERROR;
				GCC_WARN_UNDECLARED_SELECTOR = YES;
				GCC_WARN_UNINITIALIZED_AUTOS = YES_AGGRESSIVE;
				GCC_WARN_UNUSED_FUNCTION = YES;
				GCC_WARN_UNUSED_VARIABLE = YES;
				IPHONEOS_DEPLOYMENT_TARGET = 8.1;
				MTL_ENABLE_DEBUG_INFO = NO;
				SDKROOT = iphoneos;
				TARGETED_DEVICE_FAMILY = "1,2";
				VALIDATE_PRODUCT = YES;
			};
			name = Release;
		};
		66F1CF611A48E6190054DACF /* Debug */ = {
			isa = XCBuildConfiguration;
			buildSettings = {
				ASSETCATALOG_COMPILER_APPICON_NAME = AppIcon;
				INFOPLIST_FILE = "Nib Demo/Info.plist";
				LD_RUNPATH_SEARCH_PATHS = "$(inherited) @executable_path/Frameworks";
				PRODUCT_NAME = "$(TARGET_NAME)";
			};
			name = Debug;
		};
		66F1CF621A48E6190054DACF /* Release */ = {
			isa = XCBuildConfiguration;
			buildSettings = {
				ASSETCATALOG_COMPILER_APPICON_NAME = AppIcon;
				INFOPLIST_FILE = "Nib Demo/Info.plist";
				LD_RUNPATH_SEARCH_PATHS = "$(inherited) @executable_path/Frameworks";
				PRODUCT_NAME = "$(TARGET_NAME)";
			};
			name = Release;
		};
		66F1CF641A48E6190054DACF /* Debug */ = {
			isa = XCBuildConfiguration;
			buildSettings = {
				BUNDLE_LOADER = "$(TEST_HOST)";
				FRAMEWORK_SEARCH_PATHS = (
					"$(SDKROOT)/Developer/Library/Frameworks",
					"$(inherited)",
				);
				GCC_PREPROCESSOR_DEFINITIONS = (
					"DEBUG=1",
					"$(inherited)",
				);
				INFOPLIST_FILE = "Nib DemoTests/Info.plist";
				LD_RUNPATH_SEARCH_PATHS = "$(inherited) @executable_path/Frameworks @loader_path/Frameworks";
				PRODUCT_NAME = "$(TARGET_NAME)";
				TEST_HOST = "$(BUILT_PRODUCTS_DIR)/Nib Demo.app/Nib Demo";
			};
			name = Debug;
		};
		66F1CF651A48E6190054DACF /* Release */ = {
			isa = XCBuildConfiguration;
			buildSettings = {
				BUNDLE_LOADER = "$(TEST_HOST)";
				FRAMEWORK_SEARCH_PATHS = (
					"$(SDKROOT)/Developer/Library/Frameworks",
					"$(inherited)",
				);
				INFOPLIST_FILE = "Nib DemoTests/Info.plist";
				LD_RUNPATH_SEARCH_PATHS = "$(inherited) @executable_path/Frameworks @loader_path/Frameworks";
				PRODUCT_NAME = "$(TARGET_NAME)";
				TEST_HOST = "$(BUILT_PRODUCTS_DIR)/Nib Demo.app/Nib Demo";
			};
			name = Release;
		};
/* End XCBuildConfiguration section */

/* Begin XCConfigurationList section */
		66F1CF3C1A48E6190054DACF /* Build configuration list for PBXProject "Nib Demo" */ = {
			isa = XCConfigurationList;
			buildConfigurations = (
				66F1CF5E1A48E6190054DACF /* Debug */,
				66F1CF5F1A48E6190054DACF /* Release */,
			);
			defaultConfigurationIsVisible = 0;
			defaultConfigurationName = Release;
		};
		66F1CF601A48E6190054DACF /* Build configuration list for PBXNativeTarget "Nib Demo" */ = {
			isa = XCConfigurationList;
			buildConfigurations = (
				66F1CF611A48E6190054DACF /* Debug */,
				66F1CF621A48E6190054DACF /* Release */,
			);
			defaultConfigurationIsVisible = 0;
		};
		66F1CF631A48E6190054DACF /* Build configuration list for PBXNativeTarget "Nib DemoTests" */ = {
			isa = XCConfigurationList;
			buildConfigurations = (
				66F1CF641A48E6190054DACF /* Debug */,
				66F1CF651A48E6190054DACF /* Release */,
			);
			defaultConfigurationIsVisible = 0;
		};
/* End XCConfigurationList section */
	};
	rootObject = 66F1CF391A48E6190054DACF /* Project object */;
}
