// !$*UTF8*$!
{
	archiveVersion = 1;
	classes = {
	};
	objectVersion = 46;
	objects = {

/* Begin PBXBuildFile section */
		66F04E3E1A48EB7D001E447E /* AppDelegate.swift in Sources */ = {isa = PBXBuildFile; fileRef = 66F04E3D1A48EB7D001E447E /* AppDelegate.swift */; };
		66F04E401A48EB7D001E447E /* ViewController.swift in Sources */ = {isa = PBXBuildFile; fileRef = 66F04E3F1A48EB7D001E447E /* ViewController.swift */; };
		66F04E431A48EB7D001E447E /* Main.storyboard in Resources */ = {isa = PBXBuildFile; fileRef = 66F04E411A48EB7D001E447E /* Main.storyboard */; };
		66F04E451A48EB7D001E447E /* Images.xcassets in Resources */ = {isa = PBXBuildFile; fileRef = 66F04E441A48EB7D001E447E /* Images.xcassets */; };
		66F04E481A48EB7D001E447E /* LaunchScreen.xib in Resources */ = {isa = PBXBuildFile; fileRef = 66F04E461A48EB7D001E447E /* LaunchScreen.xib */; };
		66F04E541A48EB7D001E447E /* Storyboards_DemoTests.swift in Sources */ = {isa = PBXBuildFile; fileRef = 66F04E531A48EB7D001E447E /* Storyboards_DemoTests.swift */; };
/* End PBXBuildFile section */

/* Begin PBXContainerItemProxy section */
		66F04E4E1A48EB7D001E447E /* PBXContainerItemProxy */ = {
			isa = PBXContainerItemProxy;
			containerPortal = 66F04E301A48EB7C001E447E /* Project object */;
			proxyType = 1;
			remoteGlobalIDString = 66F04E371A48EB7C001E447E;
			remoteInfo = "Storyboards Demo";
		};
/* End PBXContainerItemProxy section */

/* Begin PBXFileReference section */
		66F04E381A48EB7D001E447E /* Storyboards Demo.app */ = {isa = PBXFileReference; explicitFileType = wrapper.application; includeInIndex = 0; path = "Storyboards Demo.app"; sourceTree = BUILT_PRODUCTS_DIR; };
		66F04E3C1A48EB7D001E447E /* Info.plist */ = {isa = PBXFileReference; lastKnownFileType = text.plist.xml; path = Info.plist; sourceTree = "<group>"; };
		66F04E3D1A48EB7D001E447E /* AppDelegate.swift */ = {isa = PBXFileReference; lastKnownFileType = sourcecode.swift; path = AppDelegate.swift; sourceTree = "<group>"; };
		66F04E3F1A48EB7D001E447E /* ViewController.swift */ = {isa = PBXFileReference; lastKnownFileType = sourcecode.swift; path = ViewController.swift; sourceTree = "<group>"; };
		66F04E421A48EB7D001E447E /* Base */ = {isa = PBXFileReference; lastKnownFileType = file.storyboard; name = Base; path = Base.lproj/Main.storyboard; sourceTree = "<group>"; };
		66F04E441A48EB7D001E447E /* Images.xcassets */ = {isa = PBXFileReference; lastKnownFileType = folder.assetcatalog; path = Images.xcassets; sourceTree = "<group>"; };
		66F04E471A48EB7D001E447E /* Base */ = {isa = PBXFileReference; lastKnownFileType = file.xib; name = Base; path = Base.lproj/LaunchScreen.xib; sourceTree = "<group>"; };
		66F04E4D1A48EB7D001E447E /* Storyboards DemoTests.xctest */ = {isa = PBXFileReference; explicitFileType = wrapper.cfbundle; includeInIndex = 0; path = "Storyboards DemoTests.xctest"; sourceTree = BUILT_PRODUCTS_DIR; };
		66F04E521A48EB7D001E447E /* Info.plist */ = {isa = PBXFileReference; lastKnownFileType = text.plist.xml; path = Info.plist; sourceTree = "<group>"; };
		66F04E531A48EB7D001E447E /* Storyboards_DemoTests.swift */ = {isa = PBXFileReference; lastKnownFileType = sourcecode.swift; path = Storyboards_DemoTests.swift; sourceTree = "<group>"; };
/* End PBXFileReference section */

/* Begin PBXFrameworksBuildPhase section */
		66F04E351A48EB7C001E447E /* Frameworks */ = {
			isa = PBXFrameworksBuildPhase;
			buildActionMask = 2147483647;
			files = (
			);
			runOnlyForDeploymentPostprocessing = 0;
		};
		66F04E4A1A48EB7D001E447E /* Frameworks */ = {
			isa = PBXFrameworksBuildPhase;
			buildActionMask = 2147483647;
			files = (
			);
			runOnlyForDeploymentPostprocessing = 0;
		};
/* End PBXFrameworksBuildPhase section */

/* Begin PBXGroup section */
		66F04E2F1A48EB7C001E447E = {
			isa = PBXGroup;
			children = (
				66F04E3A1A48EB7D001E447E /* Storyboards Demo */,
				66F04E501A48EB7D001E447E /* Storyboards DemoTests */,
				66F04E391A48EB7D001E447E /* Products */,
			);
			sourceTree = "<group>";
		};
		66F04E391A48EB7D001E447E /* Products */ = {
			isa = PBXGroup;
			children = (
				66F04E381A48EB7D001E447E /* Storyboards Demo.app */,
				66F04E4D1A48EB7D001E447E /* Storyboards DemoTests.xctest */,
			);
			name = Products;
			sourceTree = "<group>";
		};
		66F04E3A1A48EB7D001E447E /* Storyboards Demo */ = {
			isa = PBXGroup;
			children = (
				66F04E3D1A48EB7D001E447E /* AppDelegate.swift */,
				66F04E3F1A48EB7D001E447E /* ViewController.swift */,
				66F04E411A48EB7D001E447E /* Main.storyboard */,
				66F04E441A48EB7D001E447E /* Images.xcassets */,
				66F04E461A48EB7D001E447E /* LaunchScreen.xib */,
				66F04E3B1A48EB7D001E447E /* Supporting Files */,
			);
			path = "Storyboards Demo";
			sourceTree = "<group>";
		};
		66F04E3B1A48EB7D001E447E /* Supporting Files */ = {
			isa = PBXGroup;
			children = (
				66F04E3C1A48EB7D001E447E /* Info.plist */,
			);
			name = "Supporting Files";
			sourceTree = "<group>";
		};
		66F04E501A48EB7D001E447E /* Storyboards DemoTests */ = {
			isa = PBXGroup;
			children = (
				66F04E531A48EB7D001E447E /* Storyboards_DemoTests.swift */,
				66F04E511A48EB7D001E447E /* Supporting Files */,
			);
			path = "Storyboards DemoTests";
			sourceTree = "<group>";
		};
		66F04E511A48EB7D001E447E /* Supporting Files */ = {
			isa = PBXGroup;
			children = (
				66F04E521A48EB7D001E447E /* Info.plist */,
			);
			name = "Supporting Files";
			sourceTree = "<group>";
		};
/* End PBXGroup section */

/* Begin PBXNativeTarget section */
		66F04E371A48EB7C001E447E /* Storyboards Demo */ = {
			isa = PBXNativeTarget;
			buildConfigurationList = 66F04E571A48EB7D001E447E /* Build configuration list for PBXNativeTarget "Storyboards Demo" */;
			buildPhases = (
				66F04E341A48EB7C001E447E /* Sources */,
				66F04E351A48EB7C001E447E /* Frameworks */,
				66F04E361A48EB7C001E447E /* Resources */,
			);
			buildRules = (
			);
			dependencies = (
			);
			name = "Storyboards Demo";
			productName = "Storyboards Demo";
			productReference = 66F04E381A48EB7D001E447E /* Storyboards Demo.app */;
			productType = "com.apple.product-type.application";
		};
		66F04E4C1A48EB7D001E447E /* Storyboards DemoTests */ = {
			isa = PBXNativeTarget;
			buildConfigurationList = 66F04E5A1A48EB7D001E447E /* Build configuration list for PBXNativeTarget "Storyboards DemoTests" */;
			buildPhases = (
				66F04E491A48EB7D001E447E /* Sources */,
				66F04E4A1A48EB7D001E447E /* Frameworks */,
				66F04E4B1A48EB7D001E447E /* Resources */,
			);
			buildRules = (
			);
			dependencies = (
				66F04E4F1A48EB7D001E447E /* PBXTargetDependency */,
			);
			name = "Storyboards DemoTests";
			productName = "Storyboards DemoTests";
			productReference = 66F04E4D1A48EB7D001E447E /* Storyboards DemoTests.xctest */;
			productType = "com.apple.product-type.bundle.unit-test";
		};
/* End PBXNativeTarget section */

/* Begin PBXProject section */
		66F04E301A48EB7C001E447E /* Project object */ = {
			isa = PBXProject;
			attributes = {
				LastUpgradeCheck = 0610;
				ORGANIZATIONNAME = "Adam Ostrich";
				TargetAttributes = {
					66F04E371A48EB7C001E447E = {
						CreatedOnToolsVersion = 6.1.1;
					};
					66F04E4C1A48EB7D001E447E = {
						CreatedOnToolsVersion = 6.1.1;
						TestTargetID = 66F04E371A48EB7C001E447E;
					};
				};
			};
			buildConfigurationList = 66F04E331A48EB7C001E447E /* Build configuration list for PBXProject "Storyboards Demo" */;
			compatibilityVersion = "Xcode 3.2";
			developmentRegion = English;
			hasScannedForEncodings = 0;
			knownRegions = (
				en,
				Base,
			);
			mainGroup = 66F04E2F1A48EB7C001E447E;
			productRefGroup = 66F04E391A48EB7D001E447E /* Products */;
			projectDirPath = "";
			projectRoot = "";
			targets = (
				66F04E371A48EB7C001E447E /* Storyboards Demo */,
				66F04E4C1A48EB7D001E447E /* Storyboards DemoTests */,
			);
		};
/* End PBXProject section */

/* Begin PBXResourcesBuildPhase section */
		66F04E361A48EB7C001E447E /* Resources */ = {
			isa = PBXResourcesBuildPhase;
			buildActionMask = 2147483647;
			files = (
				66F04E431A48EB7D001E447E /* Main.storyboard in Resources */,
				66F04E481A48EB7D001E447E /* LaunchScreen.xib in Resources */,
				66F04E451A48EB7D001E447E /* Images.xcassets in Resources */,
			);
			runOnlyForDeploymentPostprocessing = 0;
		};
		66F04E4B1A48EB7D001E447E /* Resources */ = {
			isa = PBXResourcesBuildPhase;
			buildActionMask = 2147483647;
			files = (
			);
			runOnlyForDeploymentPostprocessing = 0;
		};
/* End PBXResourcesBuildPhase section */

/* Begin PBXSourcesBuildPhase section */
		66F04E341A48EB7C001E447E /* Sources */ = {
			isa = PBXSourcesBuildPhase;
			buildActionMask = 2147483647;
			files = (
				66F04E401A48EB7D001E447E /* ViewController.swift in Sources */,
				66F04E3E1A48EB7D001E447E /* AppDelegate.swift in Sources */,
			);
			runOnlyForDeploymentPostprocessing = 0;
		};
		66F04E491A48EB7D001E447E /* Sources */ = {
			isa = PBXSourcesBuildPhase;
			buildActionMask = 2147483647;
			files = (
				66F04E541A48EB7D001E447E /* Storyboards_DemoTests.swift in Sources */,
			);
			runOnlyForDeploymentPostprocessing = 0;
		};
/* End PBXSourcesBuildPhase section */

/* Begin PBXTargetDependency section */
		66F04E4F1A48EB7D001E447E /* PBXTargetDependency */ = {
			isa = PBXTargetDependency;
			target = 66F04E371A48EB7C001E447E /* Storyboards Demo */;
			targetProxy = 66F04E4E1A48EB7D001E447E /* PBXContainerItemProxy */;
		};
/* End PBXTargetDependency section */

/* Begin PBXVariantGroup section */
		66F04E411A48EB7D001E447E /* Main.storyboard */ = {
			isa = PBXVariantGroup;
			children = (
				66F04E421A48EB7D001E447E /* Base */,
			);
			name = Main.storyboard;
			sourceTree = "<group>";
		};
		66F04E461A48EB7D001E447E /* LaunchScreen.xib */ = {
			isa = PBXVariantGroup;
			children = (
				66F04E471A48EB7D001E447E /* Base */,
			);
			name = LaunchScreen.xib;
			sourceTree = "<group>";
		};
/* End PBXVariantGroup section */

/* Begin XCBuildConfiguration section */
		66F04E551A48EB7D001E447E /* Debug */ = {
			isa = XCBuildConfiguration;
			buildSettings = {
				ALWAYS_SEARCH_USER_PATHS = NO;
				CLANG_CXX_LANGUAGE_STANDARD = "gnu++0x";
				CLANG_CXX_LIBRARY = "libc++";
				CLANG_ENABLE_MODULES = YES;
				CLANG_ENABLE_OBJC_ARC = YES;
				CLANG_WARN_BOOL_CONVERSION = YES;
				CLANG_WARN_CONSTANT_CONVERSION = YES;
				CLANG_WARN_DIRECT_OBJC_ISA_USAGE = YES_ERROR;
				CLANG_WARN_EMPTY_BODY = YES;
				CLANG_WARN_ENUM_CONVERSION = YES;
				CLANG_WARN_INT_CONVERSION = YES;
				CLANG_WARN_OBJC_ROOT_CLASS = YES_ERROR;
				CLANG_WARN_UNREACHABLE_CODE = YES;
				CLANG_WARN__DUPLICATE_METHOD_MATCH = YES;
				"CODE_SIGN_IDENTITY[sdk=iphoneos*]" = "iPhone Developer";
				COPY_PHASE_STRIP = NO;
				ENABLE_STRICT_OBJC_MSGSEND = YES;
				GCC_C_LANGUAGE_STANDARD = gnu99;
				GCC_DYNAMIC_NO_PIC = NO;
				GCC_OPTIMIZATION_LEVEL = 0;
				GCC_PREPROCESSOR_DEFINITIONS = (
					"DEBUG=1",
					"$(inherited)",
				);
				GCC_SYMBOLS_PRIVATE_EXTERN = NO;
				GCC_WARN_64_TO_32_BIT_CONVERSION = YES;
				GCC_WARN_ABOUT_RETURN_TYPE = YES_ERROR;
				GCC_WARN_UNDECLARED_SELECTOR = YES;
				GCC_WARN_UNINITIALIZED_AUTOS = YES_AGGRESSIVE;
				GCC_WARN_UNUSED_FUNCTION = YES;
				GCC_WARN_UNUSED_VARIABLE = YES;
				IPHONEOS_DEPLOYMENT_TARGET = 8.1;
				MTL_ENABLE_DEBUG_INFO = YES;
				ONLY_ACTIVE_ARCH = YES;
				SDKROOT = iphoneos;
				SWIFT_OPTIMIZATION_LEVEL = "-Onone";
			};
			name = Debug;
		};
		66F04E561A48EB7D001E447E /* Release */ = {
			isa = XCBuildConfiguration;
			buildSettings = {
				ALWAYS_SEARCH_USER_PATHS = NO;
				CLANG_CXX_LANGUAGE_STANDARD = "gnu++0x";
				CLANG_CXX_LIBRARY = "libc++";
				CLANG_ENABLE_MODULES = YES;
				CLANG_ENABLE_OBJC_ARC = YES;
				CLANG_WARN_BOOL_CONVERSION = YES;
				CLANG_WARN_CONSTANT_CONVERSION = YES;
				CLANG_WARN_DIRECT_OBJC_ISA_USAGE = YES_ERROR;
				CLANG_WARN_EMPTY_BODY = YES;
				CLANG_WARN_ENUM_CONVERSION = YES;
				CLANG_WARN_INT_CONVERSION = YES;
				CLANG_WARN_OBJC_ROOT_CLASS = YES_ERROR;
				CLANG_WARN_UNREACHABLE_CODE = YES;
				CLANG_WARN__DUPLICATE_METHOD_MATCH = YES;
				"CODE_SIGN_IDENTITY[sdk=iphoneos*]" = "iPhone Developer";
				COPY_PHASE_STRIP = YES;
				ENABLE_NS_ASSERTIONS = NO;
				ENABLE_STRICT_OBJC_MSGSEND = YES;
				GCC_C_LANGUAGE_STANDARD = gnu99;
				GCC_WARN_64_TO_32_BIT_CONVERSION = YES;
				GCC_WARN_ABOUT_RETURN_TYPE = YES_ERROR;
				GCC_WARN_UNDECLARED_SELECTOR = YES;
				GCC_WARN_UNINITIALIZED_AUTOS = YES_AGGRESSIVE;
				GCC_WARN_UNUSED_FUNCTION = YES;
				GCC_WARN_UNUSED_VARIABLE = YES;
				IPHONEOS_DEPLOYMENT_TARGET = 8.1;
				MTL_ENABLE_DEBUG_INFO = NO;
				SDKROOT = iphoneos;
				VALIDATE_PRODUCT = YES;
			};
			name = Release;
		};
		66F04E581A48EB7D001E447E /* Debug */ = {
			isa = XCBuildConfiguration;
			buildSettings = {
				ASSETCATALOG_COMPILER_APPICON_NAME = AppIcon;
				INFOPLIST_FILE = "Storyboards Demo/Info.plist";
				LD_RUNPATH_SEARCH_PATHS = "$(inherited) @executable_path/Frameworks";
				PRODUCT_NAME = "$(TARGET_NAME)";
			};
			name = Debug;
		};
		66F04E591A48EB7D001E447E /* Release */ = {
			isa = XCBuildConfiguration;
			buildSettings = {
				ASSETCATALOG_COMPILER_APPICON_NAME = AppIcon;
				INFOPLIST_FILE = "Storyboards Demo/Info.plist";
				LD_RUNPATH_SEARCH_PATHS = "$(inherited) @executable_path/Frameworks";
				PRODUCT_NAME = "$(TARGET_NAME)";
			};
			name = Release;
		};
		66F04E5B1A48EB7D001E447E /* Debug */ = {
			isa = XCBuildConfiguration;
			buildSettings = {
				BUNDLE_LOADER = "$(TEST_HOST)";
				FRAMEWORK_SEARCH_PATHS = (
					"$(SDKROOT)/Developer/Library/Frameworks",
					"$(inherited)",
				);
				GCC_PREPROCESSOR_DEFINITIONS = (
					"DEBUG=1",
					"$(inherited)",
				);
				INFOPLIST_FILE = "Storyboards DemoTests/Info.plist";
				LD_RUNPATH_SEARCH_PATHS = "$(inherited) @executable_path/Frameworks @loader_path/Frameworks";
				PRODUCT_NAME = "$(TARGET_NAME)";
				TEST_HOST = "$(BUILT_PRODUCTS_DIR)/Storyboards Demo.app/Storyboards Demo";
			};
			name = Debug;
		};
		66F04E5C1A48EB7D001E447E /* Release */ = {
			isa = XCBuildConfiguration;
			buildSettings = {
				BUNDLE_LOADER = "$(TEST_HOST)";
				FRAMEWORK_SEARCH_PATHS = (
					"$(SDKROOT)/Developer/Library/Frameworks",
					"$(inherited)",
				);
				INFOPLIST_FILE = "Storyboards DemoTests/Info.plist";
				LD_RUNPATH_SEARCH_PATHS = "$(inherited) @executable_path/Frameworks @loader_path/Frameworks";
				PRODUCT_NAME = "$(TARGET_NAME)";
				TEST_HOST = "$(BUILT_PRODUCTS_DIR)/Storyboards Demo.app/Storyboards Demo";
			};
			name = Release;
		};
/* End XCBuildConfiguration section */

/* Begin XCConfigurationList section */
		66F04E331A48EB7C001E447E /* Build configuration list for PBXProject "Storyboards Demo" */ = {
			isa = XCConfigurationList;
			buildConfigurations = (
				66F04E551A48EB7D001E447E /* Debug */,
				66F04E561A48EB7D001E447E /* Release */,
			);
			defaultConfigurationIsVisible = 0;
			defaultConfigurationName = Release;
		};
		66F04E571A48EB7D001E447E /* Build configuration list for PBXNativeTarget "Storyboards Demo" */ = {
			isa = XCConfigurationList;
			buildConfigurations = (
				66F04E581A48EB7D001E447E /* Debug */,
				66F04E591A48EB7D001E447E /* Release */,
			);
			defaultConfigurationIsVisible = 0;
		};
		66F04E5A1A48EB7D001E447E /* Build configuration list for PBXNativeTarget "Storyboards DemoTests" */ = {
			isa = XCConfigurationList;
			buildConfigurations = (
				66F04E5B1A48EB7D001E447E /* Debug */,
				66F04E5C1A48EB7D001E447E /* Release */,
			);
			defaultConfigurationIsVisible = 0;
		};
/* End XCConfigurationList section */
	};
	rootObject = 66F04E301A48EB7C001E447E /* Project object */;
}
